// !$*UTF8*$!
{
	archiveVersion = 1;
	classes = {
	};
	objectVersion = 50;
	objects = {

/* Begin PBXBuildFile section */
		6F335B702339EE6C008D8ED3 /* AppDelegate.swift in Sources */ = {isa = PBXBuildFile; fileRef = 6F335B6F2339EE6C008D8ED3 /* AppDelegate.swift */; };
		6F335B722339EE6C008D8ED3 /* SceneDelegate.swift in Sources */ = {isa = PBXBuildFile; fileRef = 6F335B712339EE6C008D8ED3 /* SceneDelegate.swift */; };
		6F335B742339EE6C008D8ED3 /* ContentView.swift in Sources */ = {isa = PBXBuildFile; fileRef = 6F335B732339EE6C008D8ED3 /* ContentView.swift */; };
		6F335B762339EE6D008D8ED3 /* Assets.xcassets in Resources */ = {isa = PBXBuildFile; fileRef = 6F335B752339EE6D008D8ED3 /* Assets.xcassets */; };
		6F335B792339EE6D008D8ED3 /* Preview Assets.xcassets in Resources */ = {isa = PBXBuildFile; fileRef = 6F335B782339EE6D008D8ED3 /* Preview Assets.xcassets */; };
		6F335B7C2339EE6D008D8ED3 /* LaunchScreen.storyboard in Resources */ = {isa = PBXBuildFile; fileRef = 6F335B7A2339EE6D008D8ED3 /* LaunchScreen.storyboard */; };
		6F335B842339FD92008D8ED3 /* CircleImage.swift in Sources */ = {isa = PBXBuildFile; fileRef = 6F335B832339FD92008D8ED3 /* CircleImage.swift */; };
		6F335B862339FF6F008D8ED3 /* MapView.swift in Sources */ = {isa = PBXBuildFile; fileRef = 6F335B852339FF6F008D8ED3 /* MapView.swift */; };
		6F335B98233A09A3008D8ED3 /* hiddenlake.jpg in Resources */ = {isa = PBXBuildFile; fileRef = 6F335B8B233A09A3008D8ED3 /* hiddenlake.jpg */; };
		6F335B99233A09A3008D8ED3 /* chincoteague.jpg in Resources */ = {isa = PBXBuildFile; fileRef = 6F335B8C233A09A3008D8ED3 /* chincoteague.jpg */; };
		6F335B9A233A09A3008D8ED3 /* silversalmoncreek.jpg in Resources */ = {isa = PBXBuildFile; fileRef = 6F335B8D233A09A3008D8ED3 /* silversalmoncreek.jpg */; };
		6F335B9C233A09A3008D8ED3 /* stmarylake.jpg in Resources */ = {isa = PBXBuildFile; fileRef = 6F335B8F233A09A3008D8ED3 /* stmarylake.jpg */; };
		6F335B9D233A09A3008D8ED3 /* turtlerock.jpg in Resources */ = {isa = PBXBuildFile; fileRef = 6F335B90233A09A3008D8ED3 /* turtlerock.jpg */; };
		6F335B9E233A09A3008D8ED3 /* lakemcdonald.jpg in Resources */ = {isa = PBXBuildFile; fileRef = 6F335B91233A09A3008D8ED3 /* lakemcdonald.jpg */; };
		6F335BA0233A09A3008D8ED3 /* umbagog.jpg in Resources */ = {isa = PBXBuildFile; fileRef = 6F335B93233A09A3008D8ED3 /* umbagog.jpg */; };
		6F335BA1233A09A3008D8ED3 /* rainbowlake.jpg in Resources */ = {isa = PBXBuildFile; fileRef = 6F335B94233A09A3008D8ED3 /* rainbowlake.jpg */; };
		6F335BA2233A09A3008D8ED3 /* chilkoottrail.jpg in Resources */ = {isa = PBXBuildFile; fileRef = 6F335B95233A09A3008D8ED3 /* chilkoottrail.jpg */; };
		6F335BA3233A09A3008D8ED3 /* icybay.jpg in Resources */ = {isa = PBXBuildFile; fileRef = 6F335B96233A09A3008D8ED3 /* icybay.jpg */; };
		6F335BA4233A09A3008D8ED3 /* twinlake.jpg in Resources */ = {isa = PBXBuildFile; fileRef = 6F335B97233A09A3008D8ED3 /* twinlake.jpg */; };
		6F335BA6233A09DB008D8ED3 /* LandmarkRow.swift in Sources */ = {isa = PBXBuildFile; fileRef = 6F335BA5233A09DB008D8ED3 /* LandmarkRow.swift */; };
		6F335BAB233A0AC4008D8ED3 /* Data.swift in Sources */ = {isa = PBXBuildFile; fileRef = 6F335BA9233A0AC4008D8ED3 /* Data.swift */; };
		6F335BAC233A0AC4008D8ED3 /* Landmark.swift in Sources */ = {isa = PBXBuildFile; fileRef = 6F335BAA233A0AC4008D8ED3 /* Landmark.swift */; };
		6F34B168233A3684004C6D87 /* LandmarkList.swift in Sources */ = {isa = PBXBuildFile; fileRef = 6F34B167233A3684004C6D87 /* LandmarkList.swift */; };
		6F34B16A233A473E004C6D87 /* landmarkData.json in Resources */ = {isa = PBXBuildFile; fileRef = 6F34B169233A473E004C6D87 /* landmarkData.json */; };
		6FF8F055233B8FF800AD20BC /* charleyrivers.jpg in Resources */ = {isa = PBXBuildFile; fileRef = 6FF8F054233B8FF800AD20BC /* charleyrivers.jpg */; };
/* End PBXBuildFile section */

/* Begin PBXFileReference section */
		6F335B6C2339EE6C008D8ED3 /* SwiftUIDemo.app */ = {isa = PBXFileReference; explicitFileType = wrapper.application; includeInIndex = 0; path = SwiftUIDemo.app; sourceTree = BUILT_PRODUCTS_DIR; };
		6F335B6F2339EE6C008D8ED3 /* AppDelegate.swift */ = {isa = PBXFileReference; lastKnownFileType = sourcecode.swift; path = AppDelegate.swift; sourceTree = "<group>"; };
		6F335B712339EE6C008D8ED3 /* SceneDelegate.swift */ = {isa = PBXFileReference; lastKnownFileType = sourcecode.swift; path = SceneDelegate.swift; sourceTree = "<group>"; };
		6F335B732339EE6C008D8ED3 /* ContentView.swift */ = {isa = PBXFileReference; lastKnownFileType = sourcecode.swift; path = ContentView.swift; sourceTree = "<group>"; };
		6F335B752339EE6D008D8ED3 /* Assets.xcassets */ = {isa = PBXFileReference; lastKnownFileType = folder.assetcatalog; path = Assets.xcassets; sourceTree = "<group>"; };
		6F335B782339EE6D008D8ED3 /* Preview Assets.xcassets */ = {isa = PBXFileReference; lastKnownFileType = folder.assetcatalog; path = "Preview Assets.xcassets"; sourceTree = "<group>"; };
		6F335B7B2339EE6D008D8ED3 /* Base */ = {isa = PBXFileReference; lastKnownFileType = file.storyboard; name = Base; path = Base.lproj/LaunchScreen.storyboard; sourceTree = "<group>"; };
		6F335B7D2339EE6D008D8ED3 /* Info.plist */ = {isa = PBXFileReference; lastKnownFileType = text.plist.xml; path = Info.plist; sourceTree = "<group>"; };
		6F335B832339FD92008D8ED3 /* CircleImage.swift */ = {isa = PBXFileReference; lastKnownFileType = sourcecode.swift; path = CircleImage.swift; sourceTree = "<group>"; };
		6F335B852339FF6F008D8ED3 /* MapView.swift */ = {isa = PBXFileReference; lastKnownFileType = sourcecode.swift; path = MapView.swift; sourceTree = "<group>"; };
		6F335B8B233A09A3008D8ED3 /* hiddenlake.jpg */ = {isa = PBXFileReference; lastKnownFileType = image.jpeg; path = hiddenlake.jpg; sourceTree = "<group>"; };
		6F335B8C233A09A3008D8ED3 /* chincoteague.jpg */ = {isa = PBXFileReference; lastKnownFileType = image.jpeg; path = chincoteague.jpg; sourceTree = "<group>"; };
		6F335B8D233A09A3008D8ED3 /* silversalmoncreek.jpg */ = {isa = PBXFileReference; lastKnownFileType = image.jpeg; path = silversalmoncreek.jpg; sourceTree = "<group>"; };
		6F335B8F233A09A3008D8ED3 /* stmarylake.jpg */ = {isa = PBXFileReference; lastKnownFileType = image.jpeg; path = stmarylake.jpg; sourceTree = "<group>"; };
		6F335B90233A09A3008D8ED3 /* turtlerock.jpg */ = {isa = PBXFileReference; lastKnownFileType = image.jpeg; path = turtlerock.jpg; sourceTree = "<group>"; };
		6F335B91233A09A3008D8ED3 /* lakemcdonald.jpg */ = {isa = PBXFileReference; lastKnownFileType = image.jpeg; path = lakemcdonald.jpg; sourceTree = "<group>"; };
		6F335B93233A09A3008D8ED3 /* umbagog.jpg */ = {isa = PBXFileReference; lastKnownFileType = image.jpeg; path = umbagog.jpg; sourceTree = "<group>"; };
		6F335B94233A09A3008D8ED3 /* rainbowlake.jpg */ = {isa = PBXFileReference; lastKnownFileType = image.jpeg; path = rainbowlake.jpg; sourceTree = "<group>"; };
		6F335B95233A09A3008D8ED3 /* chilkoottrail.jpg */ = {isa = PBXFileReference; lastKnownFileType = image.jpeg; path = chilkoottrail.jpg; sourceTree = "<group>"; };
		6F335B96233A09A3008D8ED3 /* icybay.jpg */ = {isa = PBXFileReference; lastKnownFileType = image.jpeg; path = icybay.jpg; sourceTree = "<group>"; };
		6F335B97233A09A3008D8ED3 /* twinlake.jpg */ = {isa = PBXFileReference; lastKnownFileType = image.jpeg; path = twinlake.jpg; sourceTree = "<group>"; };
		6F335BA5233A09DB008D8ED3 /* LandmarkRow.swift */ = {isa = PBXFileReference; lastKnownFileType = sourcecode.swift; path = LandmarkRow.swift; sourceTree = "<group>"; };
		6F335BA9233A0AC4008D8ED3 /* Data.swift */ = {isa = PBXFileReference; fileEncoding = 4; lastKnownFileType = sourcecode.swift; path = Data.swift; sourceTree = "<group>"; };
		6F335BAA233A0AC4008D8ED3 /* Landmark.swift */ = {isa = PBXFileReference; fileEncoding = 4; lastKnownFileType = sourcecode.swift; path = Landmark.swift; sourceTree = "<group>"; };
		6F34B167233A3684004C6D87 /* LandmarkList.swift */ = {isa = PBXFileReference; lastKnownFileType = sourcecode.swift; path = LandmarkList.swift; sourceTree = "<group>"; };
		6F34B169233A473E004C6D87 /* landmarkData.json */ = {isa = PBXFileReference; fileEncoding = 4; lastKnownFileType = text.json; path = landmarkData.json; sourceTree = "<group>"; };
		6FF8F054233B8FF800AD20BC /* charleyrivers.jpg */ = {isa = PBXFileReference; lastKnownFileType = image.jpeg; path = charleyrivers.jpg; sourceTree = "<group>"; };
/* End PBXFileReference section */

/* Begin PBXFrameworksBuildPhase section */
		6F335B692339EE6C008D8ED3 /* Frameworks */ = {
			isa = PBXFrameworksBuildPhase;
			buildActionMask = 2147483647;
			files = (
			);
			runOnlyForDeploymentPostprocessing = 0;
		};
/* End PBXFrameworksBuildPhase section */

/* Begin PBXGroup section */
		6F335B632339EE6C008D8ED3 = {
			isa = PBXGroup;
			children = (
				6F335B6E2339EE6C008D8ED3 /* SwiftUIDemo */,
				6F335B6D2339EE6C008D8ED3 /* Products */,
			);
			sourceTree = "<group>";
		};
		6F335B6D2339EE6C008D8ED3 /* Products */ = {
			isa = PBXGroup;
			children = (
				6F335B6C2339EE6C008D8ED3 /* SwiftUIDemo.app */,
			);
			name = Products;
			sourceTree = "<group>";
		};
		6F335B6E2339EE6C008D8ED3 /* SwiftUIDemo */ = {
			isa = PBXGroup;
			children = (
				6F335B6F2339EE6C008D8ED3 /* AppDelegate.swift */,
				6F335B712339EE6C008D8ED3 /* SceneDelegate.swift */,
				6F335BA7233A0A75008D8ED3 /* Models */,
				6F335BA8233A0A81008D8ED3 /* Controllers */,
				6F335B87233A00E5008D8ED3 /* Supporting Files */,
				6F335B8A233A0988008D8ED3 /* Resources */,
				6F335B752339EE6D008D8ED3 /* Assets.xcassets */,
				6F335B7A2339EE6D008D8ED3 /* LaunchScreen.storyboard */,
				6F335B7D2339EE6D008D8ED3 /* Info.plist */,
				6F335B772339EE6D008D8ED3 /* Preview Content */,
			);
			path = SwiftUIDemo;
			sourceTree = "<group>";
		};
		6F335B772339EE6D008D8ED3 /* Preview Content */ = {
			isa = PBXGroup;
			children = (
				6F335B782339EE6D008D8ED3 /* Preview Assets.xcassets */,
			);
			path = "Preview Content";
			sourceTree = "<group>";
		};
		6F335B87233A00E5008D8ED3 /* Supporting Files */ = {
			isa = PBXGroup;
			children = (
				6F335B832339FD92008D8ED3 /* CircleImage.swift */,
				6F335B852339FF6F008D8ED3 /* MapView.swift */,
			);
			path = "Supporting Files";
			sourceTree = "<group>";
		};
		6F335B8A233A0988008D8ED3 /* Resources */ = {
			isa = PBXGroup;
			children = (
				6F34B169233A473E004C6D87 /* landmarkData.json */,
				6F335B95233A09A3008D8ED3 /* chilkoottrail.jpg */,
				6F335B8C233A09A3008D8ED3 /* chincoteague.jpg */,
				6F335B8B233A09A3008D8ED3 /* hiddenlake.jpg */,
				6F335B96233A09A3008D8ED3 /* icybay.jpg */,
				6F335B91233A09A3008D8ED3 /* lakemcdonald.jpg */,
				6F335B94233A09A3008D8ED3 /* rainbowlake.jpg */,
				6F335B8D233A09A3008D8ED3 /* silversalmoncreek.jpg */,
				6F335B8F233A09A3008D8ED3 /* stmarylake.jpg */,
				6F335B90233A09A3008D8ED3 /* turtlerock.jpg */,
				6F335B97233A09A3008D8ED3 /* twinlake.jpg */,
				6F335B93233A09A3008D8ED3 /* umbagog.jpg */,
				6FF8F054233B8FF800AD20BC /* charleyrivers.jpg */,
			);
			path = Resources;
			sourceTree = "<group>";
		};
		6F335BA7233A0A75008D8ED3 /* Models */ = {
			isa = PBXGroup;
			children = (
				6F335BA9233A0AC4008D8ED3 /* Data.swift */,
				6F335BAA233A0AC4008D8ED3 /* Landmark.swift */,
			);
			path = Models;
			sourceTree = "<group>";
		};
		6F335BA8233A0A81008D8ED3 /* Controllers */ = {
			isa = PBXGroup;
			children = (
				6F335B732339EE6C008D8ED3 /* ContentView.swift */,
				6F335BA5233A09DB008D8ED3 /* LandmarkRow.swift */,
				6F34B167233A3684004C6D87 /* LandmarkList.swift */,
			);
			path = Controllers;
			sourceTree = "<group>";
		};
/* End PBXGroup section */

/* Begin PBXNativeTarget section */
		6F335B6B2339EE6C008D8ED3 /* SwiftUIDemo */ = {
			isa = PBXNativeTarget;
			buildConfigurationList = 6F335B802339EE6D008D8ED3 /* Build configuration list for PBXNativeTarget "SwiftUIDemo" */;
			buildPhases = (
				6F335B682339EE6C008D8ED3 /* Sources */,
				6F335B692339EE6C008D8ED3 /* Frameworks */,
				6F335B6A2339EE6C008D8ED3 /* Resources */,
			);
			buildRules = (
			);
			dependencies = (
			);
			name = SwiftUIDemo;
			productName = SwiftUIDemo;
			productReference = 6F335B6C2339EE6C008D8ED3 /* SwiftUIDemo.app */;
			productType = "com.apple.product-type.application";
		};
/* End PBXNativeTarget section */

/* Begin PBXProject section */
		6F335B642339EE6C008D8ED3 /* Project object */ = {
			isa = PBXProject;
			attributes = {
				LastSwiftUpdateCheck = 1100;
				LastUpgradeCheck = 1100;
				ORGANIZATIONNAME = "Solution Analysts";
				TargetAttributes = {
					6F335B6B2339EE6C008D8ED3 = {
						CreatedOnToolsVersion = 11.0;
					};
				};
			};
			buildConfigurationList = 6F335B672339EE6C008D8ED3 /* Build configuration list for PBXProject "SwiftUIDemo" */;
			compatibilityVersion = "Xcode 9.3";
			developmentRegion = en;
			hasScannedForEncodings = 0;
			knownRegions = (
				en,
				Base,
			);
			mainGroup = 6F335B632339EE6C008D8ED3;
			productRefGroup = 6F335B6D2339EE6C008D8ED3 /* Products */;
			projectDirPath = "";
			projectRoot = "";
			targets = (
				6F335B6B2339EE6C008D8ED3 /* SwiftUIDemo */,
			);
		};
/* End PBXProject section */

/* Begin PBXResourcesBuildPhase section */
		6F335B6A2339EE6C008D8ED3 /* Resources */ = {
			isa = PBXResourcesBuildPhase;
			buildActionMask = 2147483647;
			files = (
				6F335BA0233A09A3008D8ED3 /* umbagog.jpg in Resources */,
				6F335B7C2339EE6D008D8ED3 /* LaunchScreen.storyboard in Resources */,
				6F335B9D233A09A3008D8ED3 /* turtlerock.jpg in Resources */,
				6FF8F055233B8FF800AD20BC /* charleyrivers.jpg in Resources */,
				6F335BA1233A09A3008D8ED3 /* rainbowlake.jpg in Resources */,
				6F335B9C233A09A3008D8ED3 /* stmarylake.jpg in Resources */,
				6F335B792339EE6D008D8ED3 /* Preview Assets.xcassets in Resources */,
				6F335B98233A09A3008D8ED3 /* hiddenlake.jpg in Resources */,
				6F335BA2233A09A3008D8ED3 /* chilkoottrail.jpg in Resources */,
				6F335BA4233A09A3008D8ED3 /* twinlake.jpg in Resources */,
				6F335B9E233A09A3008D8ED3 /* lakemcdonald.jpg in Resources */,
				6F335B9A233A09A3008D8ED3 /* silversalmoncreek.jpg in Resources */,
				6F335B762339EE6D008D8ED3 /* Assets.xcassets in Resources */,
				6F34B16A233A473E004C6D87 /* landmarkData.json in Resources */,
				6F335BA3233A09A3008D8ED3 /* icybay.jpg in Resources */,
				6F335B99233A09A3008D8ED3 /* chincoteague.jpg in Resources */,
			);
			runOnlyForDeploymentPostprocessing = 0;
		};
/* End PBXResourcesBuildPhase section */

/* Begin PBXSourcesBuildPhase section */
		6F335B682339EE6C008D8ED3 /* Sources */ = {
			isa = PBXSourcesBuildPhase;
			buildActionMask = 2147483647;
			files = (
				6F335BAB233A0AC4008D8ED3 /* Data.swift in Sources */,
				6F335B702339EE6C008D8ED3 /* AppDelegate.swift in Sources */,
				6F335B842339FD92008D8ED3 /* CircleImage.swift in Sources */,
				6F335BAC233A0AC4008D8ED3 /* Landmark.swift in Sources */,
				6F34B168233A3684004C6D87 /* LandmarkList.swift in Sources */,
				6F335BA6233A09DB008D8ED3 /* LandmarkRow.swift in Sources */,
				6F335B862339FF6F008D8ED3 /* MapView.swift in Sources */,
				6F335B722339EE6C008D8ED3 /* SceneDelegate.swift in Sources */,
				6F335B742339EE6C008D8ED3 /* ContentView.swift in Sources */,
			);
			runOnlyForDeploymentPostprocessing = 0;
		};
/* End PBXSourcesBuildPhase section */

/* Begin PBXVariantGroup section */
		6F335B7A2339EE6D008D8ED3 /* LaunchScreen.storyboard */ = {
			isa = PBXVariantGroup;
			children = (
				6F335B7B2339EE6D008D8ED3 /* Base */,
			);
			name = LaunchScreen.storyboard;
			sourceTree = "<group>";
		};
/* End PBXVariantGroup section */

/* Begin XCBuildConfiguration section */
		6F335B7E2339EE6D008D8ED3 /* Debug */ = {
			isa = XCBuildConfiguration;
			buildSettings = {
				ALWAYS_SEARCH_USER_PATHS = NO;
				CLANG_ANALYZER_NONNULL = YES;
				CLANG_ANALYZER_NUMBER_OBJECT_CONVERSION = YES_AGGRESSIVE;
				CLANG_CXX_LANGUAGE_STANDARD = "gnu++14";
				CLANG_CXX_LIBRARY = "libc++";
				CLANG_ENABLE_MODULES = YES;
				CLANG_ENABLE_OBJC_ARC = YES;
				CLANG_ENABLE_OBJC_WEAK = YES;
				CLANG_WARN_BLOCK_CAPTURE_AUTORELEASING = YES;
				CLANG_WARN_BOOL_CONVERSION = YES;
				CLANG_WARN_COMMA = YES;
				CLANG_WARN_CONSTANT_CONVERSION = YES;
				CLANG_WARN_DEPRECATED_OBJC_IMPLEMENTATIONS = YES;
				CLANG_WARN_DIRECT_OBJC_ISA_USAGE = YES_ERROR;
				CLANG_WARN_DOCUMENTATION_COMMENTS = YES;
				CLANG_WARN_EMPTY_BODY = YES;
				CLANG_WARN_ENUM_CONVERSION = YES;
				CLANG_WARN_INFINITE_RECURSION = YES;
				CLANG_WARN_INT_CONVERSION = YES;
				CLANG_WARN_NON_LITERAL_NULL_CONVERSION = YES;
				CLANG_WARN_OBJC_IMPLICIT_RETAIN_SELF = YES;
				CLANG_WARN_OBJC_LITERAL_CONVERSION = YES;
				CLANG_WARN_OBJC_ROOT_CLASS = YES_ERROR;
				CLANG_WARN_RANGE_LOOP_ANALYSIS = YES;
				CLANG_WARN_STRICT_PROTOTYPES = YES;
				CLANG_WARN_SUSPICIOUS_MOVE = YES;
				CLANG_WARN_UNGUARDED_AVAILABILITY = YES_AGGRESSIVE;
				CLANG_WARN_UNREACHABLE_CODE = YES;
				CLANG_WARN__DUPLICATE_METHOD_MATCH = YES;
				COPY_PHASE_STRIP = NO;
				DEBUG_INFORMATION_FORMAT = dwarf;
				ENABLE_STRICT_OBJC_MSGSEND = YES;
				ENABLE_TESTABILITY = YES;
				GCC_C_LANGUAGE_STANDARD = gnu11;
				GCC_DYNAMIC_NO_PIC = NO;
				GCC_NO_COMMON_BLOCKS = YES;
				GCC_OPTIMIZATION_LEVEL = 0;
				GCC_PREPROCESSOR_DEFINITIONS = (
					"DEBUG=1",
					"$(inherited)",
				);
				GCC_WARN_64_TO_32_BIT_CONVERSION = YES;
				GCC_WARN_ABOUT_RETURN_TYPE = YES_ERROR;
				GCC_WARN_UNDECLARED_SELECTOR = YES;
				GCC_WARN_UNINITIALIZED_AUTOS = YES_AGGRESSIVE;
				GCC_WARN_UNUSED_FUNCTION = YES;
				GCC_WARN_UNUSED_VARIABLE = YES;
				IPHONEOS_DEPLOYMENT_TARGET = 13.0;
				MTL_ENABLE_DEBUG_INFO = INCLUDE_SOURCE;
				MTL_FAST_MATH = YES;
				ONLY_ACTIVE_ARCH = YES;
				SDKROOT = iphoneos;
				SWIFT_ACTIVE_COMPILATION_CONDITIONS = DEBUG;
				SWIFT_OPTIMIZATION_LEVEL = "-Onone";
			};
			name = Debug;
		};
		6F335B7F2339EE6D008D8ED3 /* Release */ = {
			isa = XCBuildConfiguration;
			buildSettings = {
				ALWAYS_SEARCH_USER_PATHS = NO;
				CLANG_ANALYZER_NONNULL = YES;
				CLANG_ANALYZER_NUMBER_OBJECT_CONVERSION = YES_AGGRESSIVE;
				CLANG_CXX_LANGUAGE_STANDARD = "gnu++14";
				CLANG_CXX_LIBRARY = "libc++";
				CLANG_ENABLE_MODULES = YES;
				CLANG_ENABLE_OBJC_ARC = YES;
				CLANG_ENABLE_OBJC_WEAK = YES;
				CLANG_WARN_BLOCK_CAPTURE_AUTORELEASING = YES;
				CLANG_WARN_BOOL_CONVERSION = YES;
				CLANG_WARN_COMMA = YES;
				CLANG_WARN_CONSTANT_CONVERSION = YES;
				CLANG_WARN_DEPRECATED_OBJC_IMPLEMENTATIONS = YES;
				CLANG_WARN_DIRECT_OBJC_ISA_USAGE = YES_ERROR;
				CLANG_WARN_DOCUMENTATION_COMMENTS = YES;
				CLANG_WARN_EMPTY_BODY = YES;
				CLANG_WARN_ENUM_CONVERSION = YES;
				CLANG_WARN_INFINITE_RECURSION = YES;
				CLANG_WARN_INT_CONVERSION = YES;
				CLANG_WARN_NON_LITERAL_NULL_CONVERSION = YES;
				CLANG_WARN_OBJC_IMPLICIT_RETAIN_SELF = YES;
				CLANG_WARN_OBJC_LITERAL_CONVERSION = YES;
				CLANG_WARN_OBJC_ROOT_CLASS = YES_ERROR;
				CLANG_WARN_RANGE_LOOP_ANALYSIS = YES;
				CLANG_WARN_STRICT_PROTOTYPES = YES;
				CLANG_WARN_SUSPICIOUS_MOVE = YES;
				CLANG_WARN_UNGUARDED_AVAILABILITY = YES_AGGRESSIVE;
				CLANG_WARN_UNREACHABLE_CODE = YES;
				CLANG_WARN__DUPLICATE_METHOD_MATCH = YES;
				COPY_PHASE_STRIP = NO;
				DEBUG_INFORMATION_FORMAT = "dwarf-with-dsym";
				ENABLE_NS_ASSERTIONS = NO;
				ENABLE_STRICT_OBJC_MSGSEND = YES;
				GCC_C_LANGUAGE_STANDARD = gnu11;
				GCC_NO_COMMON_BLOCKS = YES;
				GCC_WARN_64_TO_32_BIT_CONVERSION = YES;
				GCC_WARN_ABOUT_RETURN_TYPE = YES_ERROR;
				GCC_WARN_UNDECLARED_SELECTOR = YES;
				GCC_WARN_UNINITIALIZED_AUTOS = YES_AGGRESSIVE;
				GCC_WARN_UNUSED_FUNCTION = YES;
				GCC_WARN_UNUSED_VARIABLE = YES;
				IPHONEOS_DEPLOYMENT_TARGET = 13.0;
				MTL_ENABLE_DEBUG_INFO = NO;
				MTL_FAST_MATH = YES;
				SDKROOT = iphoneos;
				SWIFT_COMPILATION_MODE = wholemodule;
				SWIFT_OPTIMIZATION_LEVEL = "-O";
				VALIDATE_PRODUCT = YES;
			};
			name = Release;
		};
		6F335B812339EE6D008D8ED3 /* Debug */ = {
			isa = XCBuildConfiguration;
			buildSettings = {
				ASSETCATALOG_COMPILER_APPICON_NAME = AppIcon;
				CODE_SIGN_STYLE = Automatic;
				DEVELOPMENT_ASSET_PATHS = "\"SwiftUIDemo/Preview Content\"";
				ENABLE_PREVIEWS = YES;
				INFOPLIST_FILE = SwiftUIDemo/Info.plist;
				LD_RUNPATH_SEARCH_PATHS = (
					"$(inherited)",
					"@executable_path/Frameworks",
				);
				PRODUCT_BUNDLE_IDENTIFIER = com.sahebsingh.SwiftUIDemo;
				PRODUCT_NAME = "$(TARGET_NAME)";
				SWIFT_VERSION = 5.0;
				TARGETED_DEVICE_FAMILY = "1,2";
			};
			name = Debug;
		};
		6F335B822339EE6D008D8ED3 /* Release */ = {
			isa = XCBuildConfiguration;
			buildSettings = {
				ASSETCATALOG_COMPILER_APPICON_NAME = AppIcon;
				CODE_SIGN_STYLE = Automatic;
				DEVELOPMENT_ASSET_PATHS = "\"SwiftUIDemo/Preview Content\"";
				ENABLE_PREVIEWS = YES;
				INFOPLIST_FILE = SwiftUIDemo/Info.plist;
				LD_RUNPATH_SEARCH_PATHS = (
					"$(inherited)",
					"@executable_path/Frameworks",
				);
				PRODUCT_BUNDLE_IDENTIFIER = com.sahebsingh.SwiftUIDemo;
				PRODUCT_NAME = "$(TARGET_NAME)";
				SWIFT_VERSION = 5.0;
				TARGETED_DEVICE_FAMILY = "1,2";
			};
			name = Release;
		};
/* End XCBuildConfiguration section */

/* Begin XCConfigurationList section */
		6F335B672339EE6C008D8ED3 /* Build configuration list for PBXProject "SwiftUIDemo" */ = {
			isa = XCConfigurationList;
			buildConfigurations = (
				6F335B7E2339EE6D008D8ED3 /* Debug */,
				6F335B7F2339EE6D008D8ED3 /* Release */,
			);
			defaultConfigurationIsVisible = 0;
			defaultConfigurationName = Release;
		};
		6F335B802339EE6D008D8ED3 /* Build configuration list for PBXNativeTarget "SwiftUIDemo" */ = {
			isa = XCConfigurationList;
			buildConfigurations = (
				6F335B812339EE6D008D8ED3 /* Debug */,
				6F335B822339EE6D008D8ED3 /* Release */,
			);
			defaultConfigurationIsVisible = 0;
			defaultConfigurationName = Release;
		};
/* End XCConfigurationList section */
	};
	rootObject = 6F335B642339EE6C008D8ED3 /* Project object */;
}
